# This file is autogenerated, do not edit; changes may be undone by the next 'dep ensure'.


[[projects]]
  branch = "master"
  digest = "1:1a200e7e73293b75eb8e5c93d023b5472663432da0b663e1532624fcfede9ca8"
  name = "github.com/anmitsu/go-shlex"
  packages = ["."]
  pruneopts = "UT"
  revision = "648efa622239a2f6ff949fed78ee37b48d499ba4"

[[projects]]
  digest = "1:74d60c90a8daf329b92887e404a23d999ff95bc7a9c111476c1753bcf178e384"
  name = "github.com/gliderlabs/ssh"
  packages = ["."]
  pruneopts = "UT"
  revision = "d3a6756290240931faaf90ec97ddd5d9290623d8"
  version = "v0.1.1"

[[projects]]
  digest = "1:d917313f309bda80d27274d53985bc65651f81a5b66b820749ac7f8ef061fd04"
  name = "github.com/sergi/go-diff"
  packages = ["diffmatchpatch"]
  pruneopts = "UT"
  revision = "1744e2970ca51c86172c8190fadad617561ed6e7"
  version = "v1.0.0"

[[projects]]
  digest = "1:d888308f8887be8103266d138aecb35bc165e16b743661c060faf61d32453b4d"
  name = "github.com/src-d/go-git"
  packages = ["."]
  pruneopts = "UT"
  revision = "02c228585e543413479ea36d3a2bbc80a070eb93"
  version = "v3.2.0"

[[projects]]
  branch = "master"
  digest = "1:dec72d8441e4e88bbf27cc98e28e962e065ebd11bcd42063f0444020b7249618"
  name = "golang.org/x/crypto"
  packages = [
    "curve25519",
    "ed25519",
    "ed25519/internal/edwards25519",
    "internal/chacha20",
    "internal/subtle",
    "poly1305",
    "ssh",
  ]
  pruneopts = "UT"
  revision = "de0752318171da717af4ce24d0a2e8626afaeb11"

[[projects]]
  digest = "1:6432785f8a6e930ab914151f8a89a7f3156b0981342e39b2ebc471f0f2b54cdd"
  name = "gopkg.in/sourcegraph/go-vcsurl.v1"
  packages = ["."]
  pruneopts = "UT"
  revision = "6b12603ea6fd7f84b8c90118face09df39ea10c6"
  version = "v1"

[[projects]]
  digest = "1:93c77383a2c5bbd311ac591edd18da20b0b52ddbc6bd3b0f3e57f5aff953ba27"
  name = "gopkg.in/src-d/go-git.v3"
  packages = [
    "clients",
    "clients/common",
    "clients/http",
    "clients/ssh",
    "core",
    "diff",
    "formats/idxfile",
    "formats/packfile",
    "formats/pktline",
    "storage/memory",
    "storage/seekable",
    "storage/seekable/internal/gitdir",
    "storage/seekable/internal/index",
    "utils/fs",
  ]
  pruneopts = "UT"
  revision = "02c228585e543413479ea36d3a2bbc80a070eb93"
  version = "v3.2.0"

[solve-meta]
  analyzer-name = "dep"
  analyzer-version = 1
  input-imports = [
    "github.com/gliderlabs/ssh",
    "github.com/src-d/go-git",
  ]
  solver-name = "gps-cdcl"
  solver-version = 1
